schema: '2.0'
stages:
  instafake-preprocess:
    cmd: python Src/preprocess_instafake.py
    deps:
    - path: Dataset/InstaFake/raw/faked-v1.0/fakeAccountData.json
      hash: md5
      md5: 60243d316ba97b0604aab0c7643516a9
      size: 40874
    - path: Dataset/InstaFake/raw/faked-v1.0/realAccountData.json
      hash: md5
      md5: d7f693e14b3963d1d52066669e3ce94c
      size: 204941
    - path: Src/preprocess_instafake.py
      hash: md5
      md5: 0b497b4936eae5573799fdffec8c30e2
      size: 2920
    outs:
    - path: Dataset/InstaFake/interim/combined_account_data.csv
      hash: md5
      md5: b27e21ca4251c0ded13a4a6a74223618
      size: 28651
